
Microsoft Visual Studio Solution File, Format Version 12.00
# Visual Studio Version 17
VisualStudioVersion = 17.9.34902.65
MinimumVisualStudioVersion = 10.0.40219.1
Project("{FAE04EC0-301F-11D3-BF4B-00C04F79EFBC}") = "GradeCalculator", "GradeCalculator\GradeCalculator.csproj", "{182D9843-E97F-46B9-ACB0-0C01D9723BF8}"
EndProject
Project("{FAE04EC0-301F-11D3-BF4B-00C04F79EFBC}") = "TicketPriceCalculator", "TicketPriceCalculator\TicketPriceCalculator.csproj", "{EC53ED62-BEAF-48E0-B2F3-A84D6375E5FC}"
EndProject
Project("{FAE04EC0-301F-11D3-BF4B-00C04F79EFBC}") = "TriangleTypeIdentifier", "TriangleTypeIdentifier\TriangleTypeIdentifier.csproj", "{54F46662-05D1-4199-AF4D-17FD2F5D14FA}"
EndProject
Project("{2150E333-8FDC-42A3-9474-1A3956D46DE8}") = "Solution Items", "Solution Items", "{798C086F-EA71-4C1C-83B3-01B18EB5A298}"
	ProjectSection(SolutionItems) = preProject
		.gitignore = .gitignore
	EndProjectSection
EndProject
Global
	GlobalSection(SolutionConfigurationPlatforms) = preSolution
		Debug|Any CPU = Debug|Any CPU
		Release|Any CPU = Release|Any CPU
	EndGlobalSection
	GlobalSection(ProjectConfigurationPlatforms) = postSolution
		{182D9843-E97F-46B9-ACB0-0C01D9723BF8}.Debug|Any CPU.ActiveCfg = Debug|Any CPU
		{182D9843-E97F-46B9-ACB0-0C01D9723BF8}.Debug|Any CPU.Build.0 = Debug|Any CPU
		{182D9843-E97F-46B9-ACB0-0C01D9723BF8}.Release|Any CPU.ActiveCfg = Release|Any CPU
		{182D9843-E97F-46B9-ACB0-0C01D9723BF8}.Release|Any CPU.Build.0 = Release|Any CPU
		{EC53ED62-BEAF-48E0-B2F3-A84D6375E5FC}.Debug|Any CPU.ActiveCfg = Debug|Any CPU
		{EC53ED62-BEAF-48E0-B2F3-A84D6375E5FC}.Debug|Any CPU.Build.0 = Debug|Any CPU
		{EC53ED62-BEAF-48E0-B2F3-A84D6375E5FC}.Release|Any CPU.ActiveCfg = Release|Any CPU
		{EC53ED62-BEAF-48E0-B2F3-A84D6375E5FC}.Release|Any CPU.Build.0 = Release|Any CPU
		{54F46662-05D1-4199-AF4D-17FD2F5D14FA}.Debug|Any CPU.ActiveCfg = Debug|Any CPU
		{54F46662-05D1-4199-AF4D-17FD2F5D14FA}.Debug|Any CPU.Build.0 = Debug|Any CPU
		{54F46662-05D1-4199-AF4D-17FD2F5D14FA}.Release|Any CPU.ActiveCfg = Release|Any CPU
		{54F46662-05D1-4199-AF4D-17FD2F5D14FA}.Release|Any CPU.Build.0 = Release|Any CPU
	EndGlobalSection
	GlobalSection(SolutionProperties) = preSolution
		HideSolutionNode = FALSE
	EndGlobalSection
	GlobalSection(ExtensibilityGlobals) = postSolution
		SolutionGuid = {F2775378-76C1-44B5-8AEB-729D73546D81}
	EndGlobalSection
EndGlobal
